
Microsoft Visual Studio Solution File, Format Version 12.00
# Visual Studio Version 17
VisualStudioVersion = 17.8.34309.116
MinimumVisualStudioVersion = 10.0.40219.1
Project("{FAE04EC0-301F-11D3-BF4B-00C04F79EFBC}") = "ConsoleApp1", "ConsoleApp1\ConsoleApp1.csproj", "{07D1E984-AF51-47E2-9659-DCC9E942875F}"
EndProject
Global
	GlobalSection(SolutionConfigurationPlatforms) = preSolution
		Debug|Any CPU = Debug|Any CPU
		Release|Any CPU = Release|Any CPU
	EndGlobalSection
	GlobalSection(ProjectConfigurationPlatforms) = postSolution
		{07D1E984-AF51-47E2-9659-DCC9E942875F}.Debug|Any CPU.ActiveCfg = Debug|Any CPU
		{07D1E984-AF51-47E2-9659-DCC9E942875F}.Debug|Any CPU.Build.0 = Debug|Any CPU
		{07D1E984-AF51-47E2-9659-DCC9E942875F}.Release|Any CPU.ActiveCfg = Release|Any CPU
		{07D1E984-AF51-47E2-9659-DCC9E942875F}.Release|Any CPU.Build.0 = Release|Any CPU
	EndGlobalSection
	GlobalSection(SolutionProperties) = preSolution
		HideSolutionNode = FALSE
	EndGlobalSection
	GlobalSection(ExtensibilityGlobals) = postSolution
		SolutionGuid = {D7CD39BF-00CC-4025-AE88-5F711D7CACFF}
	EndGlobalSection
EndGlobal
